# This file is autogenerated, do not edit; changes may be undone by the next 'dep ensure'.


[[projects]]
  branch = "master"
  name = "github.com/kdrag0n/golang-evdev"
  packages = ["."]
  revision = "8da5f50e6c4af43551c2ff1aa9c93cbdcd44e714"

[[projects]]
  name = "github.com/mattn/go-isatty"
  packages = ["."]
  revision = "0360b2af4f38e8d38c7fce2a9f4e702702d73a39"
  version = "v0.0.3"

[[projects]]
  name = "github.com/pelletier/go-toml"
  packages = ["."]
  revision = "c01d1270ff3e442a8a57cddc1c92dc1138598194"
  version = "v1.2.0"

[[projects]]
  name = "github.com/rs/zerolog"
  packages = [
    ".",
    "diode",
    "diode/internal/diodes",
    "internal/cbor",
    "internal/json",
    "log"
  ]
  revision = "77db4b4f350e31be66a57c332acb7721cf9ff9bb"
  version = "v1.8.0"

[[projects]]
  branch = "master"
  name = "golang.org/x/sys"
  packages = ["unix"]
  revision = "1b2967e3c290b7c545b3db0deeda16e9be4f98a2"

[solve-meta]
  analyzer-name = "dep"
  analyzer-version = 1
  inputs-digest = "d1e0285f6bdb0f77e8842a0fc0c20876a56444a521bf29da0b626b68298f8018"
  solver-name = "gps-cdcl"
  solver-version = 1
