# This file is autogenerated, do not edit; changes may be undone by the next 'dep ensure'.


[[projects]]
  name = "github.com/pelletier/go-toml"
  packages = ["."]
  revision = "c01d1270ff3e442a8a57cddc1c92dc1138598194"
  version = "v1.2.0"

[solve-meta]
  analyzer-name = "dep"
  analyzer-version = 1
  inputs-digest = "7fec16cb8eb19d93720b3c9e64c6ee6b025b02de06c9626d2c71eeed5ea3dffa"
  solver-name = "gps-cdcl"
  solver-version = 1
